
Microsoft Visual Studio Solution File, Format Version 12.00
# Visual Studio Version 17
VisualStudioVersion = 17.8.34408.163
MinimumVisualStudioVersion = 10.0.40219.1
Project("{FAE04EC0-301F-11D3-BF4B-00C04F79EFBC}") = "Proj2", "Proj2\Proj2.csproj", "{13794D5C-F793-4260-9314-C56502E5128D}"
EndProject
Global
	GlobalSection(SolutionConfigurationPlatforms) = preSolution
		Debug|Any CPU = Debug|Any CPU
		Release|Any CPU = Release|Any CPU
	EndGlobalSection
	GlobalSection(ProjectConfigurationPlatforms) = postSolution
		{13794D5C-F793-4260-9314-C56502E5128D}.Debug|Any CPU.ActiveCfg = Debug|Any CPU
		{13794D5C-F793-4260-9314-C56502E5128D}.Debug|Any CPU.Build.0 = Debug|Any CPU
		{13794D5C-F793-4260-9314-C56502E5128D}.Release|Any CPU.ActiveCfg = Release|Any CPU
		{13794D5C-F793-4260-9314-C56502E5128D}.Release|Any CPU.Build.0 = Release|Any CPU
	EndGlobalSection
	GlobalSection(SolutionProperties) = preSolution
		HideSolutionNode = FALSE
	EndGlobalSection
	GlobalSection(ExtensibilityGlobals) = postSolution
		SolutionGuid = {D0A92C89-B49B-4B5C-BBC0-891D57FA1F93}
	EndGlobalSection
EndGlobal
